
Microsoft Visual Studio Solution File, Format Version 12.00
# Visual Studio 15
VisualStudioVersion = 15.0.27004.2006
MinimumVisualStudioVersion = 10.0.40219.1
Project("{9A19103F-16F7-4668-BE54-9A1E7A4F7556}") = "WebCrawlerManager", "WebCrawlerManager\WebCrawlerManager.csproj", "{9F730B81-6B1C-4929-A401-789EFAA130F8}"
EndProject
Project("{FAE04EC0-301F-11D3-BF4B-00C04F79EFBC}") = "FramePerfectCrawlerLibary", "FramePerfectCrawlerLibary\FramePerfectCrawlerLibary.csproj", "{3C860EA9-9A77-4F0A-B970-0878DB68D3C2}"
EndProject
Project("{FAE04EC0-301F-11D3-BF4B-00C04F79EFBC}") = "TestCrawler", "TestCrawler\TestCrawler.csproj", "{E6B464EF-CB7B-409E-A012-8056056EDE59}"
EndProject
Global
	GlobalSection(SolutionConfigurationPlatforms) = preSolution
		Debug|Any CPU = Debug|Any CPU
		Release|Any CPU = Release|Any CPU
	EndGlobalSection
	GlobalSection(ProjectConfigurationPlatforms) = postSolution
		{9F730B81-6B1C-4929-A401-789EFAA130F8}.Debug|Any CPU.ActiveCfg = Debug|Any CPU
		{9F730B81-6B1C-4929-A401-789EFAA130F8}.Debug|Any CPU.Build.0 = Debug|Any CPU
		{9F730B81-6B1C-4929-A401-789EFAA130F8}.Release|Any CPU.ActiveCfg = Release|Any CPU
		{9F730B81-6B1C-4929-A401-789EFAA130F8}.Release|Any CPU.Build.0 = Release|Any CPU
		{3C860EA9-9A77-4F0A-B970-0878DB68D3C2}.Debug|Any CPU.ActiveCfg = Debug|Any CPU
		{3C860EA9-9A77-4F0A-B970-0878DB68D3C2}.Debug|Any CPU.Build.0 = Debug|Any CPU
		{3C860EA9-9A77-4F0A-B970-0878DB68D3C2}.Release|Any CPU.ActiveCfg = Release|Any CPU
		{3C860EA9-9A77-4F0A-B970-0878DB68D3C2}.Release|Any CPU.Build.0 = Release|Any CPU
		{E6B464EF-CB7B-409E-A012-8056056EDE59}.Debug|Any CPU.ActiveCfg = Debug|Any CPU
		{E6B464EF-CB7B-409E-A012-8056056EDE59}.Debug|Any CPU.Build.0 = Debug|Any CPU
		{E6B464EF-CB7B-409E-A012-8056056EDE59}.Release|Any CPU.ActiveCfg = Release|Any CPU
		{E6B464EF-CB7B-409E-A012-8056056EDE59}.Release|Any CPU.Build.0 = Release|Any CPU
	EndGlobalSection
	GlobalSection(SolutionProperties) = preSolution
		HideSolutionNode = FALSE
	EndGlobalSection
	GlobalSection(ExtensibilityGlobals) = postSolution
		SolutionGuid = {F305D711-A1E9-4E02-AF5E-0A170FD39D18}
	EndGlobalSection
EndGlobal
